
Microsoft Visual Studio Solution File, Format Version 12.00
# Visual Studio 15
VisualStudioVersion = 15.0.26124.0
MinimumVisualStudioVersion = 15.0.26124.0
Project("{2150E333-8FDC-42A3-9474-1A3956D46DE8}") = "src", "src", "{07626EE4-CC14-48CE-BBBF-8625A9B33670}"
EndProject
Project("{FAE04EC0-301F-11D3-BF4B-00C04F79EFBC}") = "GradeBook", "src\GradeBook\GradeBook.csproj", "{9AFDA6C3-0512-4FC7-A808-841D3B117433}"
EndProject
Project("{2150E333-8FDC-42A3-9474-1A3956D46DE8}") = "test", "test", "{258D3BEC-2521-450A-965A-B0D120E08525}"
EndProject
Project("{FAE04EC0-301F-11D3-BF4B-00C04F79EFBC}") = "GradeBook.Tests", "test\GradeBook.Tests\GradeBook.Tests.csproj", "{770E253A-4D5F-4C85-B96E-EF08F7808217}"
EndProject
Global
	GlobalSection(SolutionConfigurationPlatforms) = preSolution
		Debug|Any CPU = Debug|Any CPU
		Debug|x64 = Debug|x64
		Debug|x86 = Debug|x86
		Release|Any CPU = Release|Any CPU
		Release|x64 = Release|x64
		Release|x86 = Release|x86
	EndGlobalSection
	GlobalSection(SolutionProperties) = preSolution
		HideSolutionNode = FALSE
	EndGlobalSection
	GlobalSection(ProjectConfigurationPlatforms) = postSolution
		{9AFDA6C3-0512-4FC7-A808-841D3B117433}.Debug|Any CPU.ActiveCfg = Debug|Any CPU
		{9AFDA6C3-0512-4FC7-A808-841D3B117433}.Debug|Any CPU.Build.0 = Debug|Any CPU
		{9AFDA6C3-0512-4FC7-A808-841D3B117433}.Debug|x64.ActiveCfg = Debug|Any CPU
		{9AFDA6C3-0512-4FC7-A808-841D3B117433}.Debug|x64.Build.0 = Debug|Any CPU
		{9AFDA6C3-0512-4FC7-A808-841D3B117433}.Debug|x86.ActiveCfg = Debug|Any CPU
		{9AFDA6C3-0512-4FC7-A808-841D3B117433}.Debug|x86.Build.0 = Debug|Any CPU
		{9AFDA6C3-0512-4FC7-A808-841D3B117433}.Release|Any CPU.ActiveCfg = Release|Any CPU
		{9AFDA6C3-0512-4FC7-A808-841D3B117433}.Release|Any CPU.Build.0 = Release|Any CPU
		{9AFDA6C3-0512-4FC7-A808-841D3B117433}.Release|x64.ActiveCfg = Release|Any CPU
		{9AFDA6C3-0512-4FC7-A808-841D3B117433}.Release|x64.Build.0 = Release|Any CPU
		{9AFDA6C3-0512-4FC7-A808-841D3B117433}.Release|x86.ActiveCfg = Release|Any CPU
		{9AFDA6C3-0512-4FC7-A808-841D3B117433}.Release|x86.Build.0 = Release|Any CPU
		{770E253A-4D5F-4C85-B96E-EF08F7808217}.Debug|Any CPU.ActiveCfg = Debug|Any CPU
		{770E253A-4D5F-4C85-B96E-EF08F7808217}.Debug|Any CPU.Build.0 = Debug|Any CPU
		{770E253A-4D5F-4C85-B96E-EF08F7808217}.Debug|x64.ActiveCfg = Debug|Any CPU
		{770E253A-4D5F-4C85-B96E-EF08F7808217}.Debug|x64.Build.0 = Debug|Any CPU
		{770E253A-4D5F-4C85-B96E-EF08F7808217}.Debug|x86.ActiveCfg = Debug|Any CPU
		{770E253A-4D5F-4C85-B96E-EF08F7808217}.Debug|x86.Build.0 = Debug|Any CPU
		{770E253A-4D5F-4C85-B96E-EF08F7808217}.Release|Any CPU.ActiveCfg = Release|Any CPU
		{770E253A-4D5F-4C85-B96E-EF08F7808217}.Release|Any CPU.Build.0 = Release|Any CPU
		{770E253A-4D5F-4C85-B96E-EF08F7808217}.Release|x64.ActiveCfg = Release|Any CPU
		{770E253A-4D5F-4C85-B96E-EF08F7808217}.Release|x64.Build.0 = Release|Any CPU
		{770E253A-4D5F-4C85-B96E-EF08F7808217}.Release|x86.ActiveCfg = Release|Any CPU
		{770E253A-4D5F-4C85-B96E-EF08F7808217}.Release|x86.Build.0 = Release|Any CPU
	EndGlobalSection
	GlobalSection(NestedProjects) = preSolution
		{9AFDA6C3-0512-4FC7-A808-841D3B117433} = {07626EE4-CC14-48CE-BBBF-8625A9B33670}
		{770E253A-4D5F-4C85-B96E-EF08F7808217} = {258D3BEC-2521-450A-965A-B0D120E08525}
	EndGlobalSection
EndGlobal
